
Microsoft Visual Studio Solution File, Format Version 12.00
# Visual Studio Version 18
VisualStudioVersion = 18.4.11605.240
MinimumVisualStudioVersion = 10.0.40219.1
Project("{9A19103F-16F7-4668-BE54-9A1E7A4F7556}") = "Concertable.Web", "api\Concertable.Web\Concertable.Web.csproj", "{01C0093E-7FAD-4D04-8AEA-CACC1A383350}"
EndProject
Project("{9A19103F-16F7-4668-BE54-9A1E7A4F7556}") = "Concertable.Core", "api\Concertable.Core\Concertable.Core.csproj", "{FC5B1ECB-6F19-4419-8D20-8379020C6B75}"
EndProject
Project("{9A19103F-16F7-4668-BE54-9A1E7A4F7556}") = "Concertable.Infrastructure", "api\Concertable.Infrastructure\Concertable.Infrastructure.csproj", "{1228108E-E193-4190-B000-6B8B4C6568AC}"
EndProject
Project("{2150E333-8FDC-42A3-9474-1A3956D46DE8}") = "Tests", "Tests", "{9C8FFF27-5BE4-449F-BE2F-1440CC35EFCB}"
EndProject
Project("{FAE04EC0-301F-11D3-BF4B-00C04F79EFBC}") = "Concertable.Core.UnitTests", "api\Tests\Concertable.Core.UnitTests\Concertable.Core.UnitTests.csproj", "{937627D5-0DF4-4D27-8515-08A2AE0CC265}"
EndProject
Project("{FAE04EC0-301F-11D3-BF4B-00C04F79EFBC}") = "Concertable.Infrastructure.UnitTests", "api\Tests\Concertable.Infrastructure.UnitTests\Concertable.Infrastructure.UnitTests.csproj", "{962F0F6A-7F47-459F-9F81-F77EEBF603B5}"
EndProject
Project("{FAE04EC0-301F-11D3-BF4B-00C04F79EFBC}") = "Concertable.Web.IntegrationTests", "api\Tests\Concertable.Web.IntegrationTests\Concertable.Web.IntegrationTests.csproj", "{A1B2C3D4-E5F6-7890-ABCD-EF1234567893}"
EndProject
Project("{FAE04EC0-301F-11D3-BF4B-00C04F79EFBC}") = "Concertable.Application", "api\Concertable.Application\Concertable.Application.csproj", "{0F7CACA1-4D8C-400A-AD99-0A1C33E4112A}"
EndProject
Project("{FAE04EC0-301F-11D3-BF4B-00C04F79EFBC}") = "Concertable.AppHost", "api\Concertable.AppHost\Concertable.AppHost.csproj", "{A37D6496-F295-47AA-92CB-A1ACF954323E}"
EndProject
Project("{FAE04EC0-301F-11D3-BF4B-00C04F79EFBC}") = "Concertable.ServiceDefaults", "api\Concertable.ServiceDefaults\Concertable.ServiceDefaults.csproj", "{6593F7BE-90FB-44DC-AF0F-434A154672AC}"
EndProject
Project("{FAE04EC0-301F-11D3-BF4B-00C04F79EFBC}") = "Concertable.Workers", "api\Concertable.Workers\Concertable.Workers.csproj", "{4ABD5932-6746-44C1-A968-7A8E445289FA}"
EndProject
Project("{2150E333-8FDC-42A3-9474-1A3956D46DE8}") = "api", "api", "{D82C56D6-B2CD-F611-9E31-04638F7EC30E}"
EndProject
Project("{2150E333-8FDC-42A3-9474-1A3956D46DE8}") = "Tests", "Tests", "{BA474DCE-A160-6553-7451-04E3D54504A5}"
EndProject
Project("{FAE04EC0-301F-11D3-BF4B-00C04F79EFBC}") = "Concertable.Workers.UnitTests", "api\Tests\Concertable.Workers.UnitTests\Concertable.Workers.UnitTests.csproj", "{B13BFEC6-3036-41CA-AA71-4C52FE645B69}"
EndProject
Project("{FAE04EC0-301F-11D3-BF4B-00C04F79EFBC}") = "Concertable.Web.E2ETests", "api\Tests\Concertable.Web.E2ETests\Concertable.Web.E2ETests.csproj", "{E2FF7921-0449-4236-BB34-92142522B69E}"
EndProject
Project("{FAE04EC0-301F-11D3-BF4B-00C04F79EFBC}") = "Concertable.Tests.Common", "api\Tests\Concertable.Tests.Common\Concertable.Tests.Common.csproj", "{83ED7AF0-B302-4C34-ABD0-E6435D3BC7C0}"
EndProject
Global
	GlobalSection(SolutionConfigurationPlatforms) = preSolution
		Debug|Any CPU = Debug|Any CPU
		Debug|x64 = Debug|x64
		Debug|x86 = Debug|x86
		Release|Any CPU = Release|Any CPU
		Release|x64 = Release|x64
		Release|x86 = Release|x86
	EndGlobalSection
	GlobalSection(ProjectConfigurationPlatforms) = postSolution
		{01C0093E-7FAD-4D04-8AEA-CACC1A383350}.Debug|Any CPU.ActiveCfg = Debug|Any CPU
		{01C0093E-7FAD-4D04-8AEA-CACC1A383350}.Debug|Any CPU.Build.0 = Debug|Any CPU
		{01C0093E-7FAD-4D04-8AEA-CACC1A383350}.Debug|x64.ActiveCfg = Debug|Any CPU
		{01C0093E-7FAD-4D04-8AEA-CACC1A383350}.Debug|x64.Build.0 = Debug|Any CPU
		{01C0093E-7FAD-4D04-8AEA-CACC1A383350}.Debug|x86.ActiveCfg = Debug|Any CPU
		{01C0093E-7FAD-4D04-8AEA-CACC1A383350}.Debug|x86.Build.0 = Debug|Any CPU
		{01C0093E-7FAD-4D04-8AEA-CACC1A383350}.Release|Any CPU.ActiveCfg = Release|Any CPU
		{01C0093E-7FAD-4D04-8AEA-CACC1A383350}.Release|Any CPU.Build.0 = Release|Any CPU
		{01C0093E-7FAD-4D04-8AEA-CACC1A383350}.Release|x64.ActiveCfg = Release|Any CPU
		{01C0093E-7FAD-4D04-8AEA-CACC1A383350}.Release|x64.Build.0 = Release|Any CPU
		{01C0093E-7FAD-4D04-8AEA-CACC1A383350}.Release|x86.ActiveCfg = Release|Any CPU
		{01C0093E-7FAD-4D04-8AEA-CACC1A383350}.Release|x86.Build.0 = Release|Any CPU
		{FC5B1ECB-6F19-4419-8D20-8379020C6B75}.Debug|Any CPU.ActiveCfg = Debug|Any CPU
		{FC5B1ECB-6F19-4419-8D20-8379020C6B75}.Debug|Any CPU.Build.0 = Debug|Any CPU
		{FC5B1ECB-6F19-4419-8D20-8379020C6B75}.Debug|x64.ActiveCfg = Debug|Any CPU
		{FC5B1ECB-6F19-4419-8D20-8379020C6B75}.Debug|x64.Build.0 = Debug|Any CPU
		{FC5B1ECB-6F19-4419-8D20-8379020C6B75}.Debug|x86.ActiveCfg = Debug|Any CPU
		{FC5B1ECB-6F19-4419-8D20-8379020C6B75}.Debug|x86.Build.0 = Debug|Any CPU
		{FC5B1ECB-6F19-4419-8D20-8379020C6B75}.Release|Any CPU.ActiveCfg = Release|Any CPU
		{FC5B1ECB-6F19-4419-8D20-8379020C6B75}.Release|Any CPU.Build.0 = Release|Any CPU
		{FC5B1ECB-6F19-4419-8D20-8379020C6B75}.Release|x64.ActiveCfg = Release|Any CPU
		{FC5B1ECB-6F19-4419-8D20-8379020C6B75}.Release|x64.Build.0 = Release|Any CPU
		{FC5B1ECB-6F19-4419-8D20-8379020C6B75}.Release|x86.ActiveCfg = Release|Any CPU
		{FC5B1ECB-6F19-4419-8D20-8379020C6B75}.Release|x86.Build.0 = Release|Any CPU
		{1228108E-E193-4190-B000-6B8B4C6568AC}.Debug|Any CPU.ActiveCfg = Debug|Any CPU
		{1228108E-E193-4190-B000-6B8B4C6568AC}.Debug|Any CPU.Build.0 = Debug|Any CPU
		{1228108E-E193-4190-B000-6B8B4C6568AC}.Debug|x64.ActiveCfg = Debug|Any CPU
		{1228108E-E193-4190-B000-6B8B4C6568AC}.Debug|x64.Build.0 = Debug|Any CPU
		{1228108E-E193-4190-B000-6B8B4C6568AC}.Debug|x86.ActiveCfg = Debug|Any CPU
		{1228108E-E193-4190-B000-6B8B4C6568AC}.Debug|x86.Build.0 = Debug|Any CPU
		{1228108E-E193-4190-B000-6B8B4C6568AC}.Release|Any CPU.ActiveCfg = Release|Any CPU
		{1228108E-E193-4190-B000-6B8B4C6568AC}.Release|Any CPU.Build.0 = Release|Any CPU
		{1228108E-E193-4190-B000-6B8B4C6568AC}.Release|x64.ActiveCfg = Release|Any CPU
		{1228108E-E193-4190-B000-6B8B4C6568AC}.Release|x64.Build.0 = Release|Any CPU
		{1228108E-E193-4190-B000-6B8B4C6568AC}.Release|x86.ActiveCfg = Release|Any CPU
		{1228108E-E193-4190-B000-6B8B4C6568AC}.Release|x86.Build.0 = Release|Any CPU
		{937627D5-0DF4-4D27-8515-08A2AE0CC265}.Debug|Any CPU.ActiveCfg = Debug|Any CPU
		{937627D5-0DF4-4D27-8515-08A2AE0CC265}.Debug|Any CPU.Build.0 = Debug|Any CPU
		{937627D5-0DF4-4D27-8515-08A2AE0CC265}.Debug|x64.ActiveCfg = Debug|Any CPU
		{937627D5-0DF4-4D27-8515-08A2AE0CC265}.Debug|x64.Build.0 = Debug|Any CPU
		{937627D5-0DF4-4D27-8515-08A2AE0CC265}.Debug|x86.ActiveCfg = Debug|Any CPU
		{937627D5-0DF4-4D27-8515-08A2AE0CC265}.Debug|x86.Build.0 = Debug|Any CPU
		{937627D5-0DF4-4D27-8515-08A2AE0CC265}.Release|Any CPU.ActiveCfg = Release|Any CPU
		{937627D5-0DF4-4D27-8515-08A2AE0CC265}.Release|Any CPU.Build.0 = Release|Any CPU
		{937627D5-0DF4-4D27-8515-08A2AE0CC265}.Release|x64.ActiveCfg = Release|Any CPU
		{937627D5-0DF4-4D27-8515-08A2AE0CC265}.Release|x64.Build.0 = Release|Any CPU
		{937627D5-0DF4-4D27-8515-08A2AE0CC265}.Release|x86.ActiveCfg = Release|Any CPU
		{937627D5-0DF4-4D27-8515-08A2AE0CC265}.Release|x86.Build.0 = Release|Any CPU
		{962F0F6A-7F47-459F-9F81-F77EEBF603B5}.Debug|Any CPU.ActiveCfg = Debug|Any CPU
		{962F0F6A-7F47-459F-9F81-F77EEBF603B5}.Debug|Any CPU.Build.0 = Debug|Any CPU
		{962F0F6A-7F47-459F-9F81-F77EEBF603B5}.Debug|x64.ActiveCfg = Debug|Any CPU
		{962F0F6A-7F47-459F-9F81-F77EEBF603B5}.Debug|x64.Build.0 = Debug|Any CPU
		{962F0F6A-7F47-459F-9F81-F77EEBF603B5}.Debug|x86.ActiveCfg = Debug|Any CPU
		{962F0F6A-7F47-459F-9F81-F77EEBF603B5}.Debug|x86.Build.0 = Debug|Any CPU
		{962F0F6A-7F47-459F-9F81-F77EEBF603B5}.Release|Any CPU.ActiveCfg = Release|Any CPU
		{962F0F6A-7F47-459F-9F81-F77EEBF603B5}.Release|Any CPU.Build.0 = Release|Any CPU
		{962F0F6A-7F47-459F-9F81-F77EEBF603B5}.Release|x64.ActiveCfg = Release|Any CPU
		{962F0F6A-7F47-459F-9F81-F77EEBF603B5}.Release|x64.Build.0 = Release|Any CPU
		{962F0F6A-7F47-459F-9F81-F77EEBF603B5}.Release|x86.ActiveCfg = Release|Any CPU
		{962F0F6A-7F47-459F-9F81-F77EEBF603B5}.Release|x86.Build.0 = Release|Any CPU
		{A1B2C3D4-E5F6-7890-ABCD-EF1234567893}.Debug|Any CPU.ActiveCfg = Debug|Any CPU
		{A1B2C3D4-E5F6-7890-ABCD-EF1234567893}.Debug|Any CPU.Build.0 = Debug|Any CPU
		{A1B2C3D4-E5F6-7890-ABCD-EF1234567893}.Debug|x64.ActiveCfg = Debug|Any CPU
		{A1B2C3D4-E5F6-7890-ABCD-EF1234567893}.Debug|x64.Build.0 = Debug|Any CPU
		{A1B2C3D4-E5F6-7890-ABCD-EF1234567893}.Debug|x86.ActiveCfg = Debug|Any CPU
		{A1B2C3D4-E5F6-7890-ABCD-EF1234567893}.Debug|x86.Build.0 = Debug|Any CPU
		{A1B2C3D4-E5F6-7890-ABCD-EF1234567893}.Release|Any CPU.ActiveCfg = Release|Any CPU
		{A1B2C3D4-E5F6-7890-ABCD-EF1234567893}.Release|Any CPU.Build.0 = Release|Any CPU
		{A1B2C3D4-E5F6-7890-ABCD-EF1234567893}.Release|x64.ActiveCfg = Release|Any CPU
		{A1B2C3D4-E5F6-7890-ABCD-EF1234567893}.Release|x64.Build.0 = Release|Any CPU
		{A1B2C3D4-E5F6-7890-ABCD-EF1234567893}.Release|x86.ActiveCfg = Release|Any CPU
		{A1B2C3D4-E5F6-7890-ABCD-EF1234567893}.Release|x86.Build.0 = Release|Any CPU
		{0F7CACA1-4D8C-400A-AD99-0A1C33E4112A}.Debug|Any CPU.ActiveCfg = Debug|Any CPU
		{0F7CACA1-4D8C-400A-AD99-0A1C33E4112A}.Debug|Any CPU.Build.0 = Debug|Any CPU
		{0F7CACA1-4D8C-400A-AD99-0A1C33E4112A}.Debug|x64.ActiveCfg = Debug|Any CPU
		{0F7CACA1-4D8C-400A-AD99-0A1C33E4112A}.Debug|x64.Build.0 = Debug|Any CPU
		{0F7CACA1-4D8C-400A-AD99-0A1C33E4112A}.Debug|x86.ActiveCfg = Debug|Any CPU
		{0F7CACA1-4D8C-400A-AD99-0A1C33E4112A}.Debug|x86.Build.0 = Debug|Any CPU
		{0F7CACA1-4D8C-400A-AD99-0A1C33E4112A}.Release|Any CPU.ActiveCfg = Release|Any CPU
		{0F7CACA1-4D8C-400A-AD99-0A1C33E4112A}.Release|Any CPU.Build.0 = Release|Any CPU
		{0F7CACA1-4D8C-400A-AD99-0A1C33E4112A}.Release|x64.ActiveCfg = Release|Any CPU
		{0F7CACA1-4D8C-400A-AD99-0A1C33E4112A}.Release|x64.Build.0 = Release|Any CPU
		{0F7CACA1-4D8C-400A-AD99-0A1C33E4112A}.Release|x86.ActiveCfg = Release|Any CPU
		{0F7CACA1-4D8C-400A-AD99-0A1C33E4112A}.Release|x86.Build.0 = Release|Any CPU
		{A37D6496-F295-47AA-92CB-A1ACF954323E}.Debug|Any CPU.ActiveCfg = Debug|Any CPU
		{A37D6496-F295-47AA-92CB-A1ACF954323E}.Debug|Any CPU.Build.0 = Debug|Any CPU
		{A37D6496-F295-47AA-92CB-A1ACF954323E}.Debug|x64.ActiveCfg = Debug|Any CPU
		{A37D6496-F295-47AA-92CB-A1ACF954323E}.Debug|x64.Build.0 = Debug|Any CPU
		{A37D6496-F295-47AA-92CB-A1ACF954323E}.Debug|x86.ActiveCfg = Debug|Any CPU
		{A37D6496-F295-47AA-92CB-A1ACF954323E}.Debug|x86.Build.0 = Debug|Any CPU
		{A37D6496-F295-47AA-92CB-A1ACF954323E}.Release|Any CPU.ActiveCfg = Release|Any CPU
		{A37D6496-F295-47AA-92CB-A1ACF954323E}.Release|Any CPU.Build.0 = Release|Any CPU
		{A37D6496-F295-47AA-92CB-A1ACF954323E}.Release|x64.ActiveCfg = Release|Any CPU
		{A37D6496-F295-47AA-92CB-A1ACF954323E}.Release|x64.Build.0 = Release|Any CPU
		{A37D6496-F295-47AA-92CB-A1ACF954323E}.Release|x86.ActiveCfg = Release|Any CPU
		{A37D6496-F295-47AA-92CB-A1ACF954323E}.Release|x86.Build.0 = Release|Any CPU
		{6593F7BE-90FB-44DC-AF0F-434A154672AC}.Debug|Any CPU.ActiveCfg = Debug|Any CPU
		{6593F7BE-90FB-44DC-AF0F-434A154672AC}.Debug|Any CPU.Build.0 = Debug|Any CPU
		{6593F7BE-90FB-44DC-AF0F-434A154672AC}.Debug|x64.ActiveCfg = Debug|Any CPU
		{6593F7BE-90FB-44DC-AF0F-434A154672AC}.Debug|x64.Build.0 = Debug|Any CPU
		{6593F7BE-90FB-44DC-AF0F-434A154672AC}.Debug|x86.ActiveCfg = Debug|Any CPU
		{6593F7BE-90FB-44DC-AF0F-434A154672AC}.Debug|x86.Build.0 = Debug|Any CPU
		{6593F7BE-90FB-44DC-AF0F-434A154672AC}.Release|Any CPU.ActiveCfg = Release|Any CPU
		{6593F7BE-90FB-44DC-AF0F-434A154672AC}.Release|Any CPU.Build.0 = Release|Any CPU
		{6593F7BE-90FB-44DC-AF0F-434A154672AC}.Release|x64.ActiveCfg = Release|Any CPU
		{6593F7BE-90FB-44DC-AF0F-434A154672AC}.Release|x64.Build.0 = Release|Any CPU
		{6593F7BE-90FB-44DC-AF0F-434A154672AC}.Release|x86.ActiveCfg = Release|Any CPU
		{6593F7BE-90FB-44DC-AF0F-434A154672AC}.Release|x86.Build.0 = Release|Any CPU
		{4ABD5932-6746-44C1-A968-7A8E445289FA}.Debug|Any CPU.ActiveCfg = Debug|Any CPU
		{4ABD5932-6746-44C1-A968-7A8E445289FA}.Debug|Any CPU.Build.0 = Debug|Any CPU
		{4ABD5932-6746-44C1-A968-7A8E445289FA}.Debug|x64.ActiveCfg = Debug|Any CPU
		{4ABD5932-6746-44C1-A968-7A8E445289FA}.Debug|x64.Build.0 = Debug|Any CPU
		{4ABD5932-6746-44C1-A968-7A8E445289FA}.Debug|x86.ActiveCfg = Debug|Any CPU
		{4ABD5932-6746-44C1-A968-7A8E445289FA}.Debug|x86.Build.0 = Debug|Any CPU
		{4ABD5932-6746-44C1-A968-7A8E445289FA}.Release|Any CPU.ActiveCfg = Release|Any CPU
		{4ABD5932-6746-44C1-A968-7A8E445289FA}.Release|Any CPU.Build.0 = Release|Any CPU
		{4ABD5932-6746-44C1-A968-7A8E445289FA}.Release|x64.ActiveCfg = Release|Any CPU
		{4ABD5932-6746-44C1-A968-7A8E445289FA}.Release|x64.Build.0 = Release|Any CPU
		{4ABD5932-6746-44C1-A968-7A8E445289FA}.Release|x86.ActiveCfg = Release|Any CPU
		{4ABD5932-6746-44C1-A968-7A8E445289FA}.Release|x86.Build.0 = Release|Any CPU
		{B13BFEC6-3036-41CA-AA71-4C52FE645B69}.Debug|Any CPU.ActiveCfg = Debug|Any CPU
		{B13BFEC6-3036-41CA-AA71-4C52FE645B69}.Debug|Any CPU.Build.0 = Debug|Any CPU
		{B13BFEC6-3036-41CA-AA71-4C52FE645B69}.Debug|x64.ActiveCfg = Debug|Any CPU
		{B13BFEC6-3036-41CA-AA71-4C52FE645B69}.Debug|x64.Build.0 = Debug|Any CPU
		{B13BFEC6-3036-41CA-AA71-4C52FE645B69}.Debug|x86.ActiveCfg = Debug|Any CPU
		{B13BFEC6-3036-41CA-AA71-4C52FE645B69}.Debug|x86.Build.0 = Debug|Any CPU
		{B13BFEC6-3036-41CA-AA71-4C52FE645B69}.Release|Any CPU.ActiveCfg = Release|Any CPU
		{B13BFEC6-3036-41CA-AA71-4C52FE645B69}.Release|Any CPU.Build.0 = Release|Any CPU
		{B13BFEC6-3036-41CA-AA71-4C52FE645B69}.Release|x64.ActiveCfg = Release|Any CPU
		{B13BFEC6-3036-41CA-AA71-4C52FE645B69}.Release|x64.Build.0 = Release|Any CPU
		{B13BFEC6-3036-41CA-AA71-4C52FE645B69}.Release|x86.ActiveCfg = Release|Any CPU
		{B13BFEC6-3036-41CA-AA71-4C52FE645B69}.Release|x86.Build.0 = Release|Any CPU
		{E2FF7921-0449-4236-BB34-92142522B69E}.Debug|Any CPU.ActiveCfg = Debug|Any CPU
		{E2FF7921-0449-4236-BB34-92142522B69E}.Debug|Any CPU.Build.0 = Debug|Any CPU
		{E2FF7921-0449-4236-BB34-92142522B69E}.Debug|x64.ActiveCfg = Debug|Any CPU
		{E2FF7921-0449-4236-BB34-92142522B69E}.Debug|x64.Build.0 = Debug|Any CPU
		{E2FF7921-0449-4236-BB34-92142522B69E}.Debug|x86.ActiveCfg = Debug|Any CPU
		{E2FF7921-0449-4236-BB34-92142522B69E}.Debug|x86.Build.0 = Debug|Any CPU
		{E2FF7921-0449-4236-BB34-92142522B69E}.Release|Any CPU.ActiveCfg = Release|Any CPU
		{E2FF7921-0449-4236-BB34-92142522B69E}.Release|Any CPU.Build.0 = Release|Any CPU
		{E2FF7921-0449-4236-BB34-92142522B69E}.Release|x64.ActiveCfg = Release|Any CPU
		{E2FF7921-0449-4236-BB34-92142522B69E}.Release|x64.Build.0 = Release|Any CPU
		{E2FF7921-0449-4236-BB34-92142522B69E}.Release|x86.ActiveCfg = Release|Any CPU
		{E2FF7921-0449-4236-BB34-92142522B69E}.Release|x86.Build.0 = Release|Any CPU
		{83ED7AF0-B302-4C34-ABD0-E6435D3BC7C0}.Debug|Any CPU.ActiveCfg = Debug|Any CPU
		{83ED7AF0-B302-4C34-ABD0-E6435D3BC7C0}.Debug|Any CPU.Build.0 = Debug|Any CPU
		{83ED7AF0-B302-4C34-ABD0-E6435D3BC7C0}.Debug|x64.ActiveCfg = Debug|Any CPU
		{83ED7AF0-B302-4C34-ABD0-E6435D3BC7C0}.Debug|x64.Build.0 = Debug|Any CPU
		{83ED7AF0-B302-4C34-ABD0-E6435D3BC7C0}.Debug|x86.ActiveCfg = Debug|Any CPU
		{83ED7AF0-B302-4C34-ABD0-E6435D3BC7C0}.Debug|x86.Build.0 = Debug|Any CPU
		{83ED7AF0-B302-4C34-ABD0-E6435D3BC7C0}.Release|Any CPU.ActiveCfg = Release|Any CPU
		{83ED7AF0-B302-4C34-ABD0-E6435D3BC7C0}.Release|Any CPU.Build.0 = Release|Any CPU
		{83ED7AF0-B302-4C34-ABD0-E6435D3BC7C0}.Release|x64.ActiveCfg = Release|Any CPU
		{83ED7AF0-B302-4C34-ABD0-E6435D3BC7C0}.Release|x64.Build.0 = Release|Any CPU
		{83ED7AF0-B302-4C34-ABD0-E6435D3BC7C0}.Release|x86.ActiveCfg = Release|Any CPU
		{83ED7AF0-B302-4C34-ABD0-E6435D3BC7C0}.Release|x86.Build.0 = Release|Any CPU
	EndGlobalSection
	GlobalSection(SolutionProperties) = preSolution
		HideSolutionNode = FALSE
	EndGlobalSection
	GlobalSection(NestedProjects) = preSolution
		{937627D5-0DF4-4D27-8515-08A2AE0CC265} = {9C8FFF27-5BE4-449F-BE2F-1440CC35EFCB}
		{962F0F6A-7F47-459F-9F81-F77EEBF603B5} = {9C8FFF27-5BE4-449F-BE2F-1440CC35EFCB}
		{A1B2C3D4-E5F6-7890-ABCD-EF1234567893} = {9C8FFF27-5BE4-449F-BE2F-1440CC35EFCB}
		{BA474DCE-A160-6553-7451-04E3D54504A5} = {D82C56D6-B2CD-F611-9E31-04638F7EC30E}
		{B13BFEC6-3036-41CA-AA71-4C52FE645B69} = {BA474DCE-A160-6553-7451-04E3D54504A5}
		{E2FF7921-0449-4236-BB34-92142522B69E} = {9C8FFF27-5BE4-449F-BE2F-1440CC35EFCB}
		{83ED7AF0-B302-4C34-ABD0-E6435D3BC7C0} = {9C8FFF27-5BE4-449F-BE2F-1440CC35EFCB}
	EndGlobalSection
	GlobalSection(ExtensibilityGlobals) = postSolution
		SolutionGuid = {EF2B45BA-C520-4580-BAD9-D39B6FCE0DAF}
	EndGlobalSection
EndGlobal
