
Microsoft Visual Studio Solution File, Format Version 12.00
# Visual Studio Version 17
VisualStudioVersion = 17.0.31903.59
MinimumVisualStudioVersion = 10.0.40219.1
Project("{9A19103F-16F7-4668-BE54-9A1E7A4F7556}") = "Web", "Web\Web.csproj", "{01C0093E-7FAD-4D04-8AEA-CACC1A383350}"
EndProject
Project("{9A19103F-16F7-4668-BE54-9A1E7A4F7556}") = "Core", "Core\Core.csproj", "{FC5B1ECB-6F19-4419-8D20-8379020C6B75}"
EndProject
Project("{9A19103F-16F7-4668-BE54-9A1E7A4F7556}") = "Infrastructure", "Infrastructure\Infrastructure.csproj", "{1228108E-E193-4190-B000-6B8B4C6568AC}"
EndProject
Project("{2150E333-8FDC-42A3-9474-1A3956D46DE8}") = "Tests", "Tests", "{9C8FFF27-5BE4-449F-BE2F-1440CC35EFCB}"
EndProject
Project("{FAE04EC0-301F-11D3-BF4B-00C04F79EFBC}") = "Web.Tests", "Web.Tests\Web.Tests.csproj", "{8E3533B4-E4E9-4E5A-95EA-DD2E10397BBC}"
EndProject
Project("{FAE04EC0-301F-11D3-BF4B-00C04F79EFBC}") = "Core.Tests", "Core.Tests\Core.Tests.csproj", "{28481778-D8BA-42CE-BE29-63912FBC24E0}"
EndProject
Project("{FAE04EC0-301F-11D3-BF4B-00C04F79EFBC}") = "Infrastructure.Tests", "Infrastructure.Tests\Infrastructure.Tests.csproj", "{B4E57F5E-EB44-41EC-BE75-41D039EF011C}"
EndProject
Global
	GlobalSection(SolutionConfigurationPlatforms) = preSolution
		Debug|Any CPU = Debug|Any CPU
		Release|Any CPU = Release|Any CPU
	EndGlobalSection
	GlobalSection(ProjectConfigurationPlatforms) = postSolution
		{01C0093E-7FAD-4D04-8AEA-CACC1A383350}.Debug|Any CPU.ActiveCfg = Debug|Any CPU
		{01C0093E-7FAD-4D04-8AEA-CACC1A383350}.Debug|Any CPU.Build.0 = Debug|Any CPU
		{01C0093E-7FAD-4D04-8AEA-CACC1A383350}.Release|Any CPU.ActiveCfg = Release|Any CPU
		{01C0093E-7FAD-4D04-8AEA-CACC1A383350}.Release|Any CPU.Build.0 = Release|Any CPU
		{FC5B1ECB-6F19-4419-8D20-8379020C6B75}.Debug|Any CPU.ActiveCfg = Debug|Any CPU
		{FC5B1ECB-6F19-4419-8D20-8379020C6B75}.Debug|Any CPU.Build.0 = Debug|Any CPU
		{FC5B1ECB-6F19-4419-8D20-8379020C6B75}.Release|Any CPU.ActiveCfg = Release|Any CPU
		{FC5B1ECB-6F19-4419-8D20-8379020C6B75}.Release|Any CPU.Build.0 = Release|Any CPU
		{1228108E-E193-4190-B000-6B8B4C6568AC}.Debug|Any CPU.ActiveCfg = Debug|Any CPU
		{1228108E-E193-4190-B000-6B8B4C6568AC}.Debug|Any CPU.Build.0 = Debug|Any CPU
		{1228108E-E193-4190-B000-6B8B4C6568AC}.Release|Any CPU.ActiveCfg = Release|Any CPU
		{1228108E-E193-4190-B000-6B8B4C6568AC}.Release|Any CPU.Build.0 = Release|Any CPU
		{8E3533B4-E4E9-4E5A-95EA-DD2E10397BBC}.Debug|Any CPU.ActiveCfg = Debug|Any CPU
		{8E3533B4-E4E9-4E5A-95EA-DD2E10397BBC}.Debug|Any CPU.Build.0 = Debug|Any CPU
		{8E3533B4-E4E9-4E5A-95EA-DD2E10397BBC}.Release|Any CPU.ActiveCfg = Release|Any CPU
		{8E3533B4-E4E9-4E5A-95EA-DD2E10397BBC}.Release|Any CPU.Build.0 = Release|Any CPU
		{28481778-D8BA-42CE-BE29-63912FBC24E0}.Debug|Any CPU.ActiveCfg = Debug|Any CPU
		{28481778-D8BA-42CE-BE29-63912FBC24E0}.Debug|Any CPU.Build.0 = Debug|Any CPU
		{28481778-D8BA-42CE-BE29-63912FBC24E0}.Release|Any CPU.ActiveCfg = Release|Any CPU
		{28481778-D8BA-42CE-BE29-63912FBC24E0}.Release|Any CPU.Build.0 = Release|Any CPU
		{B4E57F5E-EB44-41EC-BE75-41D039EF011C}.Debug|Any CPU.ActiveCfg = Debug|Any CPU
		{B4E57F5E-EB44-41EC-BE75-41D039EF011C}.Debug|Any CPU.Build.0 = Debug|Any CPU
		{B4E57F5E-EB44-41EC-BE75-41D039EF011C}.Release|Any CPU.ActiveCfg = Release|Any CPU
		{B4E57F5E-EB44-41EC-BE75-41D039EF011C}.Release|Any CPU.Build.0 = Release|Any CPU
	EndGlobalSection
	GlobalSection(SolutionProperties) = preSolution
		HideSolutionNode = FALSE
	EndGlobalSection
	GlobalSection(NestedProjects) = preSolution
		{8E3533B4-E4E9-4E5A-95EA-DD2E10397BBC} = {9C8FFF27-5BE4-449F-BE2F-1440CC35EFCB}
		{28481778-D8BA-42CE-BE29-63912FBC24E0} = {9C8FFF27-5BE4-449F-BE2F-1440CC35EFCB}
		{B4E57F5E-EB44-41EC-BE75-41D039EF011C} = {9C8FFF27-5BE4-449F-BE2F-1440CC35EFCB}
	EndGlobalSection
	GlobalSection(ExtensibilityGlobals) = postSolution
		SolutionGuid = {EF2B45BA-C520-4580-BAD9-D39B6FCE0DAF}
	EndGlobalSection
EndGlobal
